
Microsoft Visual Studio Solution File, Format Version 12.00
Project("{2150E333-8FDC-42A3-9474-1A3956D46DE8}") = "solution items", "solution items", "{20DD4ECC-FD58-4CF2-B208-C92ED83766E7}"
	ProjectSection(SolutionItems) = preProject
		Directory.Build.props = Directory.Build.props
		.editorconfig = .editorconfig
		..\.gitignore = ..\.gitignore
		docker-compose.yml = docker-compose.yml
		.env = src\TutorProject.Web\.env
		Directory.Packages.props = Directory.Packages.props
	EndProjectSection
EndProject
Project("{2150E333-8FDC-42A3-9474-1A3956D46DE8}") = "src", "src", "{A3D1AB0D-9583-4F83-8243-B989DD1DF96B}"
EndProject
Project("{2150E333-8FDC-42A3-9474-1A3956D46DE8}") = "Students", "Students", "{7F8D76A5-6050-4C49-8BC8-219983A8124F}"
EndProject
Project("{2150E333-8FDC-42A3-9474-1A3956D46DE8}") = "Users", "Users", "{926E53E0-044A-44CA-A136-A37029451FBF}"
EndProject
Project("{2150E333-8FDC-42A3-9474-1A3956D46DE8}") = "Tutors", "Tutors", "{85A7E80F-24B5-45B5-BF42-038F8526D144}"
EndProject
Project("{2150E333-8FDC-42A3-9474-1A3956D46DE8}") = "Core", "Core", "{4C10CCAF-02B3-4C06-BC4E-D3AD4288E0D8}"
EndProject
Project("{FAE04EC0-301F-11D3-BF4B-00C04F79EFBC}") = "TutorProject.Web", "src\TutorProject.Web\TutorProject.Web.csproj", "{279E7A79-4F5A-4B1D-B490-ED8A36E4D61D}"
EndProject
Project("{FAE04EC0-301F-11D3-BF4B-00C04F79EFBC}") = "Users.Domain", "src\Users\Users.Domain\Users.Domain.csproj", "{59632B75-CD38-4B28-8153-74CC8275F10D}"
EndProject
Project("{FAE04EC0-301F-11D3-BF4B-00C04F79EFBC}") = "Users.Presentation", "src\Users\Users.Presentation\Users.Presentation.csproj", "{52EAE0EA-7CED-48AF-99FE-68612C1D3714}"
EndProject
Project("{FAE04EC0-301F-11D3-BF4B-00C04F79EFBC}") = "Users.Contracts", "src\Users\Users.Contracts\Users.Contracts.csproj", "{E59A093E-E605-4447-A4CE-68E177FC8B16}"
EndProject
Project("{FAE04EC0-301F-11D3-BF4B-00C04F79EFBC}") = "Users.Application", "src\Users\Users.Application\Users.Application.csproj", "{1DFB9F92-0878-46E6-8ED7-EEC5757E4109}"
EndProject
Project("{FAE04EC0-301F-11D3-BF4B-00C04F79EFBC}") = "Users.Infrastructure.Postgres", "src\Users\Users.Infrastructure.Postgres\Users.Infrastructure.Postgres.csproj", "{9E531431-31B3-49EC-8671-1E2474BE0291}"
EndProject
Project("{FAE04EC0-301F-11D3-BF4B-00C04F79EFBC}") = "Shared", "src\Core\Shared\Shared.csproj", "{1B888A2E-6B1F-4F70-8AEF-F103BFB80D0A}"
EndProject
Project("{2150E333-8FDC-42A3-9474-1A3956D46DE8}") = "Infrastructure", "Infrastructure", "{249225F3-3294-462D-B8D0-E5896DB0E607}"
EndProject
Project("{FAE04EC0-301F-11D3-BF4B-00C04F79EFBC}") = "Students.Domain", "src\Students\Students.Domain\Students.Domain.csproj", "{03A19337-EB3E-4466-A84B-89C6CFE085F6}"
EndProject
Project("{2150E333-8FDC-42A3-9474-1A3956D46DE8}") = "Notifications", "Notifications", "{B4AA31EA-A9F1-4EC4-AFE8-6BC1DFE6CE4E}"
EndProject
Project("{FAE04EC0-301F-11D3-BF4B-00C04F79EFBC}") = "Notifications.Domain", "src\Notifications\Notifications.Domain\Notifications.Domain.csproj", "{A4FD63E5-8F3A-47CB-AE00-E708E0C86B04}"
EndProject
Project("{FAE04EC0-301F-11D3-BF4B-00C04F79EFBC}") = "Students.Presentation", "src\Students\Students.Presentation\Students.Presentation.csproj", "{A125B9EE-9DC0-4DCA-AC32-CA309B12B943}"
EndProject
Project("{FAE04EC0-301F-11D3-BF4B-00C04F79EFBC}") = "Tutors.Domain", "src\Tutors\Tutors.Domain\Tutors.Domain.csproj", "{DBADED2E-F609-4BB5-B5D0-3321EC0A41C0}"
EndProject
Project("{FAE04EC0-301F-11D3-BF4B-00C04F79EFBC}") = "Framework", "src\Core\Framework\Framework.csproj", "{302648BE-6D12-4205-A529-5F67B0863FFB}"
EndProject
Global
	GlobalSection(SolutionConfigurationPlatforms) = preSolution
		Debug|Any CPU = Debug|Any CPU
		Release|Any CPU = Release|Any CPU
	EndGlobalSection
	GlobalSection(ProjectConfigurationPlatforms) = postSolution
		{59632B75-CD38-4B28-8153-74CC8275F10D}.Debug|Any CPU.ActiveCfg = Debug|Any CPU
		{59632B75-CD38-4B28-8153-74CC8275F10D}.Debug|Any CPU.Build.0 = Debug|Any CPU
		{59632B75-CD38-4B28-8153-74CC8275F10D}.Release|Any CPU.ActiveCfg = Release|Any CPU
		{59632B75-CD38-4B28-8153-74CC8275F10D}.Release|Any CPU.Build.0 = Release|Any CPU
		{52EAE0EA-7CED-48AF-99FE-68612C1D3714}.Debug|Any CPU.ActiveCfg = Debug|Any CPU
		{52EAE0EA-7CED-48AF-99FE-68612C1D3714}.Debug|Any CPU.Build.0 = Debug|Any CPU
		{52EAE0EA-7CED-48AF-99FE-68612C1D3714}.Release|Any CPU.ActiveCfg = Release|Any CPU
		{52EAE0EA-7CED-48AF-99FE-68612C1D3714}.Release|Any CPU.Build.0 = Release|Any CPU
		{279E7A79-4F5A-4B1D-B490-ED8A36E4D61D}.Debug|Any CPU.ActiveCfg = Debug|Any CPU
		{279E7A79-4F5A-4B1D-B490-ED8A36E4D61D}.Debug|Any CPU.Build.0 = Debug|Any CPU
		{279E7A79-4F5A-4B1D-B490-ED8A36E4D61D}.Release|Any CPU.ActiveCfg = Release|Any CPU
		{279E7A79-4F5A-4B1D-B490-ED8A36E4D61D}.Release|Any CPU.Build.0 = Release|Any CPU
		{E59A093E-E605-4447-A4CE-68E177FC8B16}.Debug|Any CPU.ActiveCfg = Debug|Any CPU
		{E59A093E-E605-4447-A4CE-68E177FC8B16}.Debug|Any CPU.Build.0 = Debug|Any CPU
		{E59A093E-E605-4447-A4CE-68E177FC8B16}.Release|Any CPU.ActiveCfg = Release|Any CPU
		{E59A093E-E605-4447-A4CE-68E177FC8B16}.Release|Any CPU.Build.0 = Release|Any CPU
		{1DFB9F92-0878-46E6-8ED7-EEC5757E4109}.Debug|Any CPU.ActiveCfg = Debug|Any CPU
		{1DFB9F92-0878-46E6-8ED7-EEC5757E4109}.Debug|Any CPU.Build.0 = Debug|Any CPU
		{1DFB9F92-0878-46E6-8ED7-EEC5757E4109}.Release|Any CPU.ActiveCfg = Release|Any CPU
		{1DFB9F92-0878-46E6-8ED7-EEC5757E4109}.Release|Any CPU.Build.0 = Release|Any CPU
		{9E531431-31B3-49EC-8671-1E2474BE0291}.Debug|Any CPU.ActiveCfg = Debug|Any CPU
		{9E531431-31B3-49EC-8671-1E2474BE0291}.Debug|Any CPU.Build.0 = Debug|Any CPU
		{9E531431-31B3-49EC-8671-1E2474BE0291}.Release|Any CPU.ActiveCfg = Release|Any CPU
		{9E531431-31B3-49EC-8671-1E2474BE0291}.Release|Any CPU.Build.0 = Release|Any CPU
		{1B888A2E-6B1F-4F70-8AEF-F103BFB80D0A}.Debug|Any CPU.ActiveCfg = Debug|Any CPU
		{1B888A2E-6B1F-4F70-8AEF-F103BFB80D0A}.Debug|Any CPU.Build.0 = Debug|Any CPU
		{1B888A2E-6B1F-4F70-8AEF-F103BFB80D0A}.Release|Any CPU.ActiveCfg = Release|Any CPU
		{1B888A2E-6B1F-4F70-8AEF-F103BFB80D0A}.Release|Any CPU.Build.0 = Release|Any CPU
		{03A19337-EB3E-4466-A84B-89C6CFE085F6}.Debug|Any CPU.ActiveCfg = Debug|Any CPU
		{03A19337-EB3E-4466-A84B-89C6CFE085F6}.Debug|Any CPU.Build.0 = Debug|Any CPU
		{03A19337-EB3E-4466-A84B-89C6CFE085F6}.Release|Any CPU.ActiveCfg = Release|Any CPU
		{03A19337-EB3E-4466-A84B-89C6CFE085F6}.Release|Any CPU.Build.0 = Release|Any CPU
		{A4FD63E5-8F3A-47CB-AE00-E708E0C86B04}.Debug|Any CPU.ActiveCfg = Debug|Any CPU
		{A4FD63E5-8F3A-47CB-AE00-E708E0C86B04}.Debug|Any CPU.Build.0 = Debug|Any CPU
		{A4FD63E5-8F3A-47CB-AE00-E708E0C86B04}.Release|Any CPU.ActiveCfg = Release|Any CPU
		{A4FD63E5-8F3A-47CB-AE00-E708E0C86B04}.Release|Any CPU.Build.0 = Release|Any CPU
		{A125B9EE-9DC0-4DCA-AC32-CA309B12B943}.Debug|Any CPU.ActiveCfg = Debug|Any CPU
		{A125B9EE-9DC0-4DCA-AC32-CA309B12B943}.Debug|Any CPU.Build.0 = Debug|Any CPU
		{A125B9EE-9DC0-4DCA-AC32-CA309B12B943}.Release|Any CPU.ActiveCfg = Release|Any CPU
		{A125B9EE-9DC0-4DCA-AC32-CA309B12B943}.Release|Any CPU.Build.0 = Release|Any CPU
		{DBADED2E-F609-4BB5-B5D0-3321EC0A41C0}.Debug|Any CPU.ActiveCfg = Debug|Any CPU
		{DBADED2E-F609-4BB5-B5D0-3321EC0A41C0}.Debug|Any CPU.Build.0 = Debug|Any CPU
		{DBADED2E-F609-4BB5-B5D0-3321EC0A41C0}.Release|Any CPU.ActiveCfg = Release|Any CPU
		{DBADED2E-F609-4BB5-B5D0-3321EC0A41C0}.Release|Any CPU.Build.0 = Release|Any CPU
		{302648BE-6D12-4205-A529-5F67B0863FFB}.Debug|Any CPU.ActiveCfg = Debug|Any CPU
		{302648BE-6D12-4205-A529-5F67B0863FFB}.Debug|Any CPU.Build.0 = Debug|Any CPU
		{302648BE-6D12-4205-A529-5F67B0863FFB}.Release|Any CPU.ActiveCfg = Release|Any CPU
		{302648BE-6D12-4205-A529-5F67B0863FFB}.Release|Any CPU.Build.0 = Release|Any CPU
	EndGlobalSection
	GlobalSection(NestedProjects) = preSolution
		{279E7A79-4F5A-4B1D-B490-ED8A36E4D61D} = {A3D1AB0D-9583-4F83-8243-B989DD1DF96B}
		{7F8D76A5-6050-4C49-8BC8-219983A8124F} = {A3D1AB0D-9583-4F83-8243-B989DD1DF96B}
		{926E53E0-044A-44CA-A136-A37029451FBF} = {A3D1AB0D-9583-4F83-8243-B989DD1DF96B}
		{85A7E80F-24B5-45B5-BF42-038F8526D144} = {A3D1AB0D-9583-4F83-8243-B989DD1DF96B}
		{4C10CCAF-02B3-4C06-BC4E-D3AD4288E0D8} = {A3D1AB0D-9583-4F83-8243-B989DD1DF96B}
		{1DFB9F92-0878-46E6-8ED7-EEC5757E4109} = {926E53E0-044A-44CA-A136-A37029451FBF}
		{E59A093E-E605-4447-A4CE-68E177FC8B16} = {926E53E0-044A-44CA-A136-A37029451FBF}
		{59632B75-CD38-4B28-8153-74CC8275F10D} = {926E53E0-044A-44CA-A136-A37029451FBF}
		{9E531431-31B3-49EC-8671-1E2474BE0291} = {926E53E0-044A-44CA-A136-A37029451FBF}
		{52EAE0EA-7CED-48AF-99FE-68612C1D3714} = {926E53E0-044A-44CA-A136-A37029451FBF}
		{1B888A2E-6B1F-4F70-8AEF-F103BFB80D0A} = {4C10CCAF-02B3-4C06-BC4E-D3AD4288E0D8}
		{249225F3-3294-462D-B8D0-E5896DB0E607} = {4C10CCAF-02B3-4C06-BC4E-D3AD4288E0D8}
		{03A19337-EB3E-4466-A84B-89C6CFE085F6} = {7F8D76A5-6050-4C49-8BC8-219983A8124F}
		{B4AA31EA-A9F1-4EC4-AFE8-6BC1DFE6CE4E} = {A3D1AB0D-9583-4F83-8243-B989DD1DF96B}
		{A4FD63E5-8F3A-47CB-AE00-E708E0C86B04} = {B4AA31EA-A9F1-4EC4-AFE8-6BC1DFE6CE4E}
		{A125B9EE-9DC0-4DCA-AC32-CA309B12B943} = {7F8D76A5-6050-4C49-8BC8-219983A8124F}
		{DBADED2E-F609-4BB5-B5D0-3321EC0A41C0} = {85A7E80F-24B5-45B5-BF42-038F8526D144}
		{302648BE-6D12-4205-A529-5F67B0863FFB} = {4C10CCAF-02B3-4C06-BC4E-D3AD4288E0D8}
	EndGlobalSection
EndGlobal
